
Microsoft Visual Studio Solution File, Format Version 12.00
# Visual Studio Version 17
VisualStudioVersion = 17.3.32922.545
MinimumVisualStudioVersion = 10.0.40219.1
Project("{F2A71F9B-5D33-465A-A702-920D77279786}") = "day01", "day01\day01.fsproj", "{91EBA3A0-1F89-4B4D-801E-F6DB85D83D8F}"
EndProject
Project("{F2A71F9B-5D33-465A-A702-920D77279786}") = "day02", "day02\day02.fsproj", "{9851C636-3103-44EA-9479-EA02EB39B214}"
EndProject
Project("{F2A71F9B-5D33-465A-A702-920D77279786}") = "day03", "day03\day03.fsproj", "{24C6B9F4-4BF8-4CD4-8473-8D24AB687976}"
EndProject
Project("{F2A71F9B-5D33-465A-A702-920D77279786}") = "day04", "day04\day04.fsproj", "{E24D8C39-7A16-4180-BF2A-DE136B65E465}"
EndProject
Project("{F2A71F9B-5D33-465A-A702-920D77279786}") = "day05", "day05\day05.fsproj", "{E1C04224-66C8-4394-B18A-9C5D4BD2CCAB}"
EndProject
Project("{F2A71F9B-5D33-465A-A702-920D77279786}") = "day06", "day06\day06.fsproj", "{138BD521-164F-4543-88F4-7CFCB94B819C}"
EndProject
Project("{F2A71F9B-5D33-465A-A702-920D77279786}") = "day07", "day07\day07.fsproj", "{C88D7F1F-F58A-4F6F-B82D-9C170067C896}"
EndProject
Project("{F2A71F9B-5D33-465A-A702-920D77279786}") = "day08", "day08\day08.fsproj", "{5E1D0337-A275-4382-B0DE-4C607A22A59E}"
EndProject
Project("{F2A71F9B-5D33-465A-A702-920D77279786}") = "day09", "day09\day09.fsproj", "{2E8E160C-1318-466E-B2EC-2C0AD7FCBFA4}"
EndProject
Project("{F2A71F9B-5D33-465A-A702-920D77279786}") = "day10", "day10\day10.fsproj", "{485C1028-BAF5-4A09-B8F4-C8859F341585}"
EndProject
Global
	GlobalSection(SolutionConfigurationPlatforms) = preSolution
		Debug|Any CPU = Debug|Any CPU
		Release|Any CPU = Release|Any CPU
	EndGlobalSection
	GlobalSection(ProjectConfigurationPlatforms) = postSolution
		{91EBA3A0-1F89-4B4D-801E-F6DB85D83D8F}.Debug|Any CPU.ActiveCfg = Debug|Any CPU
		{91EBA3A0-1F89-4B4D-801E-F6DB85D83D8F}.Debug|Any CPU.Build.0 = Debug|Any CPU
		{91EBA3A0-1F89-4B4D-801E-F6DB85D83D8F}.Release|Any CPU.ActiveCfg = Release|Any CPU
		{91EBA3A0-1F89-4B4D-801E-F6DB85D83D8F}.Release|Any CPU.Build.0 = Release|Any CPU
		{582A73BA-0F2D-4454-A0A5-BB758502F7B8}.Debug|Any CPU.ActiveCfg = Debug|Any CPU
		{582A73BA-0F2D-4454-A0A5-BB758502F7B8}.Debug|Any CPU.Build.0 = Debug|Any CPU
		{582A73BA-0F2D-4454-A0A5-BB758502F7B8}.Release|Any CPU.ActiveCfg = Release|Any CPU
		{582A73BA-0F2D-4454-A0A5-BB758502F7B8}.Release|Any CPU.Build.0 = Release|Any CPU
		{9851C636-3103-44EA-9479-EA02EB39B214}.Debug|Any CPU.ActiveCfg = Debug|Any CPU
		{9851C636-3103-44EA-9479-EA02EB39B214}.Debug|Any CPU.Build.0 = Debug|Any CPU
		{9851C636-3103-44EA-9479-EA02EB39B214}.Release|Any CPU.ActiveCfg = Release|Any CPU
		{9851C636-3103-44EA-9479-EA02EB39B214}.Release|Any CPU.Build.0 = Release|Any CPU
		{24C6B9F4-4BF8-4CD4-8473-8D24AB687976}.Debug|Any CPU.ActiveCfg = Debug|Any CPU
		{24C6B9F4-4BF8-4CD4-8473-8D24AB687976}.Debug|Any CPU.Build.0 = Debug|Any CPU
		{24C6B9F4-4BF8-4CD4-8473-8D24AB687976}.Release|Any CPU.ActiveCfg = Release|Any CPU
		{24C6B9F4-4BF8-4CD4-8473-8D24AB687976}.Release|Any CPU.Build.0 = Release|Any CPU
		{E24D8C39-7A16-4180-BF2A-DE136B65E465}.Debug|Any CPU.ActiveCfg = Debug|Any CPU
		{E24D8C39-7A16-4180-BF2A-DE136B65E465}.Debug|Any CPU.Build.0 = Debug|Any CPU
		{E24D8C39-7A16-4180-BF2A-DE136B65E465}.Release|Any CPU.ActiveCfg = Release|Any CPU
		{E24D8C39-7A16-4180-BF2A-DE136B65E465}.Release|Any CPU.Build.0 = Release|Any CPU
		{E1C04224-66C8-4394-B18A-9C5D4BD2CCAB}.Debug|Any CPU.ActiveCfg = Debug|Any CPU
		{E1C04224-66C8-4394-B18A-9C5D4BD2CCAB}.Debug|Any CPU.Build.0 = Debug|Any CPU
		{E1C04224-66C8-4394-B18A-9C5D4BD2CCAB}.Release|Any CPU.ActiveCfg = Release|Any CPU
		{E1C04224-66C8-4394-B18A-9C5D4BD2CCAB}.Release|Any CPU.Build.0 = Release|Any CPU
		{138BD521-164F-4543-88F4-7CFCB94B819C}.Debug|Any CPU.ActiveCfg = Debug|Any CPU
		{138BD521-164F-4543-88F4-7CFCB94B819C}.Debug|Any CPU.Build.0 = Debug|Any CPU
		{138BD521-164F-4543-88F4-7CFCB94B819C}.Release|Any CPU.ActiveCfg = Release|Any CPU
		{138BD521-164F-4543-88F4-7CFCB94B819C}.Release|Any CPU.Build.0 = Release|Any CPU
		{C88D7F1F-F58A-4F6F-B82D-9C170067C896}.Debug|Any CPU.ActiveCfg = Debug|Any CPU
		{C88D7F1F-F58A-4F6F-B82D-9C170067C896}.Debug|Any CPU.Build.0 = Debug|Any CPU
		{C88D7F1F-F58A-4F6F-B82D-9C170067C896}.Release|Any CPU.ActiveCfg = Release|Any CPU
		{C88D7F1F-F58A-4F6F-B82D-9C170067C896}.Release|Any CPU.Build.0 = Release|Any CPU
		{5E1D0337-A275-4382-B0DE-4C607A22A59E}.Debug|Any CPU.ActiveCfg = Debug|Any CPU
		{5E1D0337-A275-4382-B0DE-4C607A22A59E}.Debug|Any CPU.Build.0 = Debug|Any CPU
		{5E1D0337-A275-4382-B0DE-4C607A22A59E}.Release|Any CPU.ActiveCfg = Release|Any CPU
		{5E1D0337-A275-4382-B0DE-4C607A22A59E}.Release|Any CPU.Build.0 = Release|Any CPU
		{2E8E160C-1318-466E-B2EC-2C0AD7FCBFA4}.Debug|Any CPU.ActiveCfg = Debug|Any CPU
		{2E8E160C-1318-466E-B2EC-2C0AD7FCBFA4}.Debug|Any CPU.Build.0 = Debug|Any CPU
		{2E8E160C-1318-466E-B2EC-2C0AD7FCBFA4}.Release|Any CPU.ActiveCfg = Release|Any CPU
		{2E8E160C-1318-466E-B2EC-2C0AD7FCBFA4}.Release|Any CPU.Build.0 = Release|Any CPU
		{485C1028-BAF5-4A09-B8F4-C8859F341585}.Debug|Any CPU.ActiveCfg = Debug|Any CPU
		{485C1028-BAF5-4A09-B8F4-C8859F341585}.Debug|Any CPU.Build.0 = Debug|Any CPU
		{485C1028-BAF5-4A09-B8F4-C8859F341585}.Release|Any CPU.ActiveCfg = Release|Any CPU
		{485C1028-BAF5-4A09-B8F4-C8859F341585}.Release|Any CPU.Build.0 = Release|Any CPU
	EndGlobalSection
	GlobalSection(SolutionProperties) = preSolution
		HideSolutionNode = FALSE
	EndGlobalSection
	GlobalSection(ExtensibilityGlobals) = postSolution
		SolutionGuid = {08AF657B-81B4-4D07-BF7F-3076B687433B}
	EndGlobalSection
EndGlobal
